// !$*UTF8*$!
{
	archiveVersion = 1;
	classes = {
	};
	objectVersion = 46;
	objects = {

/* Begin PBXBuildFile section */
		B9311FA919484DE0000936B8 /* AppDelegate.swift in Sources */ = {isa = PBXBuildFile; fileRef = B9311FA819484DE0000936B8 /* AppDelegate.swift */; };
		B9311FAB19484DE0000936B8 /* ViewController.swift in Sources */ = {isa = PBXBuildFile; fileRef = B9311FAA19484DE0000936B8 /* ViewController.swift */; };
		B9311FAE19484DE0000936B8 /* Main.storyboard in Resources */ = {isa = PBXBuildFile; fileRef = B9311FAC19484DE0000936B8 /* Main.storyboard */; };
		B9311FB019484DE0000936B8 /* Images.xcassets in Resources */ = {isa = PBXBuildFile; fileRef = B9311FAF19484DE0000936B8 /* Images.xcassets */; };
		B9311FBC19484DE0000936B8 /* JingFM_RoundEffect_SwiftTests.swift in Sources */ = {isa = PBXBuildFile; fileRef = B9311FBB19484DE0000936B8 /* JingFM_RoundEffect_SwiftTests.swift */; };
		B9311FCD19484DFD000936B8 /* background.jpg in Resources */ = {isa = PBXBuildFile; fileRef = B9311FCA19484DFD000936B8 /* background.jpg */; };
		B9311FCE19484DFD000936B8 /* girl.png in Resources */ = {isa = PBXBuildFile; fileRef = B9311FCB19484DFD000936B8 /* girl.png */; };
		B9311FCF19484DFD000936B8 /* logo.png in Resources */ = {isa = PBXBuildFile; fileRef = B9311FCC19484DFD000936B8 /* logo.png */; };
		B9311FD419484E25000936B8 /* pause.png in Resources */ = {isa = PBXBuildFile; fileRef = B9311FD219484E25000936B8 /* pause.png */; };
		B9311FD519484E25000936B8 /* start.png in Resources */ = {isa = PBXBuildFile; fileRef = B9311FD319484E25000936B8 /* start.png */; };
		B9311FD719484E7B000936B8 /* JingRoundView.swift in Sources */ = {isa = PBXBuildFile; fileRef = B9311FD619484E7B000936B8 /* JingRoundView.swift */; };
/* End PBXBuildFile section */

/* Begin PBXContainerItemProxy section */
		B9311FB619484DE0000936B8 /* PBXContainerItemProxy */ = {
			isa = PBXContainerItemProxy;
			containerPortal = B9311F9B19484DE0000936B8 /* Project object */;
			proxyType = 1;
			remoteGlobalIDString = B9311FA219484DE0000936B8;
			remoteInfo = "JingFM-RoundEffect-Swift";
		};
		B9311FC519484DF6000936B8 /* PBXContainerItemProxy */ = {
			isa = PBXContainerItemProxy;
			containerPortal = B9311F9B19484DE0000936B8 /* Project object */;
			proxyType = 1;
			remoteGlobalIDString = B9311FA219484DE0000936B8;
			remoteInfo = "JingFM-RoundEffect-Swift";
		};
		B9311FC719484DF7000936B8 /* PBXContainerItemProxy */ = {
			isa = PBXContainerItemProxy;
			containerPortal = B9311F9B19484DE0000936B8 /* Project object */;
			proxyType = 1;
			remoteGlobalIDString = B9311FA219484DE0000936B8;
			remoteInfo = "JingFM-RoundEffect-Swift";
		};
/* End PBXContainerItemProxy section */

/* Begin PBXFileReference section */
		B9311FA319484DE0000936B8 /* JingFM-RoundEffect-Swift.app */ = {isa = PBXFileReference; explicitFileType = wrapper.application; includeInIndex = 0; path = "JingFM-RoundEffect-Swift.app"; sourceTree = BUILT_PRODUCTS_DIR; };
		B9311FA719484DE0000936B8 /* Info.plist */ = {isa = PBXFileReference; lastKnownFileType = text.plist.xml; path = Info.plist; sourceTree = "<group>"; };
		B9311FA819484DE0000936B8 /* AppDelegate.swift */ = {isa = PBXFileReference; lastKnownFileType = sourcecode.swift; path = AppDelegate.swift; sourceTree = "<group>"; };
		B9311FAA19484DE0000936B8 /* ViewController.swift */ = {isa = PBXFileReference; lastKnownFileType = sourcecode.swift; path = ViewController.swift; sourceTree = "<group>"; };
		B9311FAD19484DE0000936B8 /* Base */ = {isa = PBXFileReference; lastKnownFileType = file.storyboard; name = Base; path = Base.lproj/Main.storyboard; sourceTree = "<group>"; };
		B9311FAF19484DE0000936B8 /* Images.xcassets */ = {isa = PBXFileReference; lastKnownFileType = folder.assetcatalog; path = Images.xcassets; sourceTree = "<group>"; };
		B9311FB519484DE0000936B8 /* JingFM-RoundEffect-SwiftTests.xctest */ = {isa = PBXFileReference; explicitFileType = wrapper.cfbundle; includeInIndex = 0; path = "JingFM-RoundEffect-SwiftTests.xctest"; sourceTree = BUILT_PRODUCTS_DIR; };
		B9311FBA19484DE0000936B8 /* Info.plist */ = {isa = PBXFileReference; lastKnownFileType = text.plist.xml; path = Info.plist; sourceTree = "<group>"; };
		B9311FBB19484DE0000936B8 /* JingFM_RoundEffect_SwiftTests.swift */ = {isa = PBXFileReference; lastKnownFileType = sourcecode.swift; path = JingFM_RoundEffect_SwiftTests.swift; sourceTree = "<group>"; };
		B9311FCA19484DFD000936B8 /* background.jpg */ = {isa = PBXFileReference; lastKnownFileType = image.jpeg; path = background.jpg; sourceTree = "<group>"; };
		B9311FCB19484DFD000936B8 /* girl.png */ = {isa = PBXFileReference; lastKnownFileType = image.png; path = girl.png; sourceTree = "<group>"; };
		B9311FCC19484DFD000936B8 /* logo.png */ = {isa = PBXFileReference; lastKnownFileType = image.png; path = logo.png; sourceTree = "<group>"; };
		B9311FD219484E25000936B8 /* pause.png */ = {isa = PBXFileReference; lastKnownFileType = image.png; path = pause.png; sourceTree = "<group>"; };
		B9311FD319484E25000936B8 /* start.png */ = {isa = PBXFileReference; lastKnownFileType = image.png; path = start.png; sourceTree = "<group>"; };
		B9311FD619484E7B000936B8 /* JingRoundView.swift */ = {isa = PBXFileReference; fileEncoding = 4; lastKnownFileType = sourcecode.swift; path = JingRoundView.swift; sourceTree = "<group>"; };
/* End PBXFileReference section */

/* Begin PBXFrameworksBuildPhase section */
		B9311FA019484DE0000936B8 /* Frameworks */ = {
			isa = PBXFrameworksBuildPhase;
			buildActionMask = 2147483647;
			files = (
			);
			runOnlyForDeploymentPostprocessing = 0;
		};
		B9311FB219484DE0000936B8 /* Frameworks */ = {
			isa = PBXFrameworksBuildPhase;
			buildActionMask = 2147483647;
			files = (
			);
			runOnlyForDeploymentPostprocessing = 0;
		};
/* End PBXFrameworksBuildPhase section */

/* Begin PBXGroup section */
		B9311F9A19484DE0000936B8 = {
			isa = PBXGroup;
			children = (
				B9311FD019484E25000936B8 /* JingRound */,
				B9311FC919484DFD000936B8 /* image */,
				B9311FA519484DE0000936B8 /* JingFM-RoundEffect-Swift */,
				B9311FB819484DE0000936B8 /* JingFM-RoundEffect-SwiftTests */,
				B9311FA419484DE0000936B8 /* Products */,
			);
			sourceTree = "<group>";
		};
		B9311FA419484DE0000936B8 /* Products */ = {
			isa = PBXGroup;
			children = (
				B9311FA319484DE0000936B8 /* JingFM-RoundEffect-Swift.app */,
				B9311FB519484DE0000936B8 /* JingFM-RoundEffect-SwiftTests.xctest */,
			);
			name = Products;
			sourceTree = "<group>";
		};
		B9311FA519484DE0000936B8 /* JingFM-RoundEffect-Swift */ = {
			isa = PBXGroup;
			children = (
				B9311FA819484DE0000936B8 /* AppDelegate.swift */,
				B9311FAA19484DE0000936B8 /* ViewController.swift */,
				B9311FAC19484DE0000936B8 /* Main.storyboard */,
				B9311FAF19484DE0000936B8 /* Images.xcassets */,
				B9311FA619484DE0000936B8 /* Supporting Files */,
			);
			path = "JingFM-RoundEffect-Swift";
			sourceTree = "<group>";
		};
		B9311FA619484DE0000936B8 /* Supporting Files */ = {
			isa = PBXGroup;
			children = (
				B9311FA719484DE0000936B8 /* Info.plist */,
			);
			name = "Supporting Files";
			sourceTree = "<group>";
		};
		B9311FB819484DE0000936B8 /* JingFM-RoundEffect-SwiftTests */ = {
			isa = PBXGroup;
			children = (
				B9311FBB19484DE0000936B8 /* JingFM_RoundEffect_SwiftTests.swift */,
				B9311FB919484DE0000936B8 /* Supporting Files */,
			);
			path = "JingFM-RoundEffect-SwiftTests";
			sourceTree = "<group>";
		};
		B9311FB919484DE0000936B8 /* Supporting Files */ = {
			isa = PBXGroup;
			children = (
				B9311FBA19484DE0000936B8 /* Info.plist */,
			);
			name = "Supporting Files";
			sourceTree = "<group>";
		};
		B9311FC919484DFD000936B8 /* image */ = {
			isa = PBXGroup;
			children = (
				B9311FCA19484DFD000936B8 /* background.jpg */,
				B9311FCB19484DFD000936B8 /* girl.png */,
				B9311FCC19484DFD000936B8 /* logo.png */,
			);
			path = image;
			sourceTree = "<group>";
		};
		B9311FD019484E25000936B8 /* JingRound */ = {
			isa = PBXGroup;
			children = (
				B9311FD119484E25000936B8 /* image */,
				B9311FD619484E7B000936B8 /* JingRoundView.swift */,
			);
			path = JingRound;
			sourceTree = "<group>";
		};
		B9311FD119484E25000936B8 /* image */ = {
			isa = PBXGroup;
			children = (
				B9311FD219484E25000936B8 /* pause.png */,
				B9311FD319484E25000936B8 /* start.png */,
			);
			path = image;
			sourceTree = "<group>";
		};
/* End PBXGroup section */

/* Begin PBXNativeTarget section */
		B9311FA219484DE0000936B8 /* JingFM-RoundEffect-Swift */ = {
			isa = PBXNativeTarget;
			buildConfigurationList = B9311FBF19484DE0000936B8 /* Build configuration list for PBXNativeTarget "JingFM-RoundEffect-Swift" */;
			buildPhases = (
				B9311F9F19484DE0000936B8 /* Sources */,
				B9311FA019484DE0000936B8 /* Frameworks */,
				B9311FA119484DE0000936B8 /* Resources */,
			);
			buildRules = (
			);
			dependencies = (
			);
			name = "JingFM-RoundEffect-Swift";
			productName = "JingFM-RoundEffect-Swift";
			productReference = B9311FA319484DE0000936B8 /* JingFM-RoundEffect-Swift.app */;
			productType = "com.apple.product-type.application";
		};
		B9311FB419484DE0000936B8 /* JingFM-RoundEffect-SwiftTests */ = {
			isa = PBXNativeTarget;
			buildConfigurationList = B9311FC219484DE0000936B8 /* Build configuration list for PBXNativeTarget "JingFM-RoundEffect-SwiftTests" */;
			buildPhases = (
				B9311FB119484DE0000936B8 /* Sources */,
				B9311FB219484DE0000936B8 /* Frameworks */,
				B9311FB319484DE0000936B8 /* Resources */,
			);
			buildRules = (
			);
			dependencies = (
				B9311FB719484DE0000936B8 /* PBXTargetDependency */,
				B9311FC619484DF6000936B8 /* PBXTargetDependency */,
				B9311FC819484DF7000936B8 /* PBXTargetDependency */,
			);
			name = "JingFM-RoundEffect-SwiftTests";
			productName = "JingFM-RoundEffect-SwiftTests";
			productReference = B9311FB519484DE0000936B8 /* JingFM-RoundEffect-SwiftTests.xctest */;
			productType = "com.apple.product-type.bundle.unit-test";
		};
/* End PBXNativeTarget section */

/* Begin PBXProject section */
		B9311F9B19484DE0000936B8 /* Project object */ = {
			isa = PBXProject;
			attributes = {
				LastUpgradeCheck = 0600;
				ORGANIZATIONNAME = isaced;
				TargetAttributes = {
					B9311FA219484DE0000936B8 = {
						CreatedOnToolsVersion = 6.0;
					};
					B9311FB419484DE0000936B8 = {
						CreatedOnToolsVersion = 6.0;
						TestTargetID = B9311FA219484DE0000936B8;
					};
				};
			};
			buildConfigurationList = B9311F9E19484DE0000936B8 /* Build configuration list for PBXProject "JingFM-RoundEffect-Swift" */;
			compatibilityVersion = "Xcode 3.2";
			developmentRegion = English;
			hasScannedForEncodings = 0;
			knownRegions = (
				en,
				Base,
			);
			mainGroup = B9311F9A19484DE0000936B8;
			productRefGroup = B9311FA419484DE0000936B8 /* Products */;
			projectDirPath = "";
			projectRoot = "";
			targets = (
				B9311FA219484DE0000936B8 /* JingFM-RoundEffect-Swift */,
				B9311FB419484DE0000936B8 /* JingFM-RoundEffect-SwiftTests */,
			);
		};
/* End PBXProject section */

/* Begin PBXResourcesBuildPhase section */
		B9311FA119484DE0000936B8 /* Resources */ = {
			isa = PBXResourcesBuildPhase;
			buildActionMask = 2147483647;
			files = (
				B9311FCD19484DFD000936B8 /* background.jpg in Resources */,
				B9311FCF19484DFD000936B8 /* logo.png in Resources */,
				B9311FD419484E25000936B8 /* pause.png in Resources */,
				B9311FCE19484DFD000936B8 /* girl.png in Resources */,
				B9311FAE19484DE0000936B8 /* Main.storyboard in Resources */,
				B9311FB019484DE0000936B8 /* Images.xcassets in Resources */,
				B9311FD519484E25000936B8 /* start.png in Resources */,
			);
			runOnlyForDeploymentPostprocessing = 0;
		};
		B9311FB319484DE0000936B8 /* Resources */ = {
			isa = PBXResourcesBuildPhase;
			buildActionMask = 2147483647;
			files = (
			);
			runOnlyForDeploymentPostprocessing = 0;
		};
/* End PBXResourcesBuildPhase section */

/* Begin PBXSourcesBuildPhase section */
		B9311F9F19484DE0000936B8 /* Sources */ = {
			isa = PBXSourcesBuildPhase;
			buildActionMask = 2147483647;
			files = (
				B9311FAB19484DE0000936B8 /* ViewController.swift in Sources */,
				B9311FA919484DE0000936B8 /* AppDelegate.swift in Sources */,
				B9311FD719484E7B000936B8 /* JingRoundView.swift in Sources */,
			);
			runOnlyForDeploymentPostprocessing = 0;
		};
		B9311FB119484DE0000936B8 /* Sources */ = {
			isa = PBXSourcesBuildPhase;
			buildActionMask = 2147483647;
			files = (
				B9311FBC19484DE0000936B8 /* JingFM_RoundEffect_SwiftTests.swift in Sources */,
			);
			runOnlyForDeploymentPostprocessing = 0;
		};
/* End PBXSourcesBuildPhase section */

/* Begin PBXTargetDependency section */
		B9311FB719484DE0000936B8 /* PBXTargetDependency */ = {
			isa = PBXTargetDependency;
			target = B9311FA219484DE0000936B8 /* JingFM-RoundEffect-Swift */;
			targetProxy = B9311FB619484DE0000936B8 /* PBXContainerItemProxy */;
		};
		B9311FC619484DF6000936B8 /* PBXTargetDependency */ = {
			isa = PBXTargetDependency;
			target = B9311FA219484DE0000936B8 /* JingFM-RoundEffect-Swift */;
			targetProxy = B9311FC519484DF6000936B8 /* PBXContainerItemProxy */;
		};
		B9311FC819484DF7000936B8 /* PBXTargetDependency */ = {
			isa = PBXTargetDependency;
			target = B9311FA219484DE0000936B8 /* JingFM-RoundEffect-Swift */;
			targetProxy = B9311FC719484DF7000936B8 /* PBXContainerItemProxy */;
		};
/* End PBXTargetDependency section */

/* Begin PBXVariantGroup section */
		B9311FAC19484DE0000936B8 /* Main.storyboard */ = {
			isa = PBXVariantGroup;
			children = (
				B9311FAD19484DE0000936B8 /* Base */,
			);
			name = Main.storyboard;
			sourceTree = "<group>";
		};
/* End PBXVariantGroup section */

/* Begin XCBuildConfiguration section */
		B9311FBD19484DE0000936B8 /* Debug */ = {
			isa = XCBuildConfiguration;
			buildSettings = {
				ALWAYS_SEARCH_USER_PATHS = NO;
				CLANG_CXX_LANGUAGE_STANDARD = "gnu++0x";
				CLANG_CXX_LIBRARY = "libc++";
				CLANG_ENABLE_MODULES = YES;
				CLANG_ENABLE_OBJC_ARC = YES;
				CLANG_WARN_BOOL_CONVERSION = YES;
				CLANG_WARN_CONSTANT_CONVERSION = YES;
				CLANG_WARN_DIRECT_OBJC_ISA_USAGE = YES_ERROR;
				CLANG_WARN_EMPTY_BODY = YES;
				CLANG_WARN_ENUM_CONVERSION = YES;
				CLANG_WARN_INT_CONVERSION = YES;
				CLANG_WARN_OBJC_ROOT_CLASS = YES_ERROR;
				CLANG_WARN_UNREACHABLE_CODE = YES;
				CLANG_WARN__DUPLICATE_METHOD_MATCH = YES;
				"CODE_SIGN_IDENTITY[sdk=iphoneos*]" = "iPhone Developer";
				COPY_PHASE_STRIP = NO;
				ENABLE_STRICT_OBJC_MSGSEND = YES;
				GCC_C_LANGUAGE_STANDARD = gnu99;
				GCC_DYNAMIC_NO_PIC = NO;
				GCC_OPTIMIZATION_LEVEL = 0;
				GCC_PREPROCESSOR_DEFINITIONS = (
					"DEBUG=1",
					"$(inherited)",
				);
				GCC_SYMBOLS_PRIVATE_EXTERN = NO;
				GCC_WARN_64_TO_32_BIT_CONVERSION = YES;
				GCC_WARN_ABOUT_RETURN_TYPE = YES_ERROR;
				GCC_WARN_UNDECLARED_SELECTOR = YES;
				GCC_WARN_UNINITIALIZED_AUTOS = YES_AGGRESSIVE;
				GCC_WARN_UNUSED_FUNCTION = YES;
				GCC_WARN_UNUSED_VARIABLE = YES;
				IPHONEOS_DEPLOYMENT_TARGET = 8.0;
				METAL_ENABLE_DEBUG_INFO = YES;
				ONLY_ACTIVE_ARCH = YES;
				SDKROOT = iphoneos;
				SWIFT_OPTIMIZATION_LEVEL = "-Onone";
			};
			name = Debug;
		};
		B9311FBE19484DE0000936B8 /* Release */ = {
			isa = XCBuildConfiguration;
			buildSettings = {
				ALWAYS_SEARCH_USER_PATHS = NO;
				CLANG_CXX_LANGUAGE_STANDARD = "gnu++0x";
				CLANG_CXX_LIBRARY = "libc++";
				CLANG_ENABLE_MODULES = YES;
				CLANG_ENABLE_OBJC_ARC = YES;
				CLANG_WARN_BOOL_CONVERSION = YES;
				CLANG_WARN_CONSTANT_CONVERSION = YES;
				CLANG_WARN_DIRECT_OBJC_ISA_USAGE = YES_ERROR;
				CLANG_WARN_EMPTY_BODY = YES;
				CLANG_WARN_ENUM_CONVERSION = YES;
				CLANG_WARN_INT_CONVERSION = YES;
				CLANG_WARN_OBJC_ROOT_CLASS = YES_ERROR;
				CLANG_WARN_UNREACHABLE_CODE = YES;
				CLANG_WARN__DUPLICATE_METHOD_MATCH = YES;
				"CODE_SIGN_IDENTITY[sdk=iphoneos*]" = "iPhone Developer";
				COPY_PHASE_STRIP = YES;
				ENABLE_NS_ASSERTIONS = NO;
				ENABLE_STRICT_OBJC_MSGSEND = YES;
				GCC_C_LANGUAGE_STANDARD = gnu99;
				GCC_WARN_64_TO_32_BIT_CONVERSION = YES;
				GCC_WARN_ABOUT_RETURN_TYPE = YES_ERROR;
				GCC_WARN_UNDECLARED_SELECTOR = YES;
				GCC_WARN_UNINITIALIZED_AUTOS = YES_AGGRESSIVE;
				GCC_WARN_UNUSED_FUNCTION = YES;
				GCC_WARN_UNUSED_VARIABLE = YES;
				IPHONEOS_DEPLOYMENT_TARGET = 8.0;
				METAL_ENABLE_DEBUG_INFO = NO;
				SDKROOT = iphoneos;
				VALIDATE_PRODUCT = YES;
			};
			name = Release;
		};
		B9311FC019484DE0000936B8 /* Debug */ = {
			isa = XCBuildConfiguration;
			buildSettings = {
				ASSETCATALOG_COMPILER_APPICON_NAME = AppIcon;
				ASSETCATALOG_COMPILER_LAUNCHIMAGE_NAME = LaunchImage;
				INFOPLIST_FILE = "JingFM-RoundEffect-Swift/Info.plist";
				LD_RUNPATH_SEARCH_PATHS = "$(inherited) @executable_path/Frameworks";
				PRODUCT_NAME = "$(TARGET_NAME)";
			};
			name = Debug;
		};
		B9311FC119484DE0000936B8 /* Release */ = {
			isa = XCBuildConfiguration;
			buildSettings = {
				ASSETCATALOG_COMPILER_APPICON_NAME = AppIcon;
				ASSETCATALOG_COMPILER_LAUNCHIMAGE_NAME = LaunchImage;
				INFOPLIST_FILE = "JingFM-RoundEffect-Swift/Info.plist";
				LD_RUNPATH_SEARCH_PATHS = "$(inherited) @executable_path/Frameworks";
				PRODUCT_NAME = "$(TARGET_NAME)";
			};
			name = Release;
		};
		B9311FC319484DE0000936B8 /* Debug */ = {
			isa = XCBuildConfiguration;
			buildSettings = {
				BUNDLE_LOADER = "$(BUILT_PRODUCTS_DIR)/JingFM-RoundEffect-Swift.app/JingFM-RoundEffect-Swift";
				FRAMEWORK_SEARCH_PATHS = (
					"$(SDKROOT)/Developer/Library/Frameworks",
					"$(inherited)",
				);
				GCC_PREPROCESSOR_DEFINITIONS = (
					"DEBUG=1",
					"$(inherited)",
				);
				INFOPLIST_FILE = "JingFM-RoundEffect-SwiftTests/Info.plist";
				LD_RUNPATH_SEARCH_PATHS = "$(inherited) @executable_path/Frameworks @loader_path/Frameworks";
				METAL_ENABLE_DEBUG_INFO = YES;
				PRODUCT_NAME = "$(TARGET_NAME)";
				TEST_HOST = "$(BUNDLE_LOADER)";
			};
			name = Debug;
		};
		B9311FC419484DE0000936B8 /* Release */ = {
			isa = XCBuildConfiguration;
			buildSettings = {
				BUNDLE_LOADER = "$(BUILT_PRODUCTS_DIR)/JingFM-RoundEffect-Swift.app/JingFM-RoundEffect-Swift";
				FRAMEWORK_SEARCH_PATHS = (
					"$(SDKROOT)/Developer/Library/Frameworks",
					"$(inherited)",
				);
				INFOPLIST_FILE = "JingFM-RoundEffect-SwiftTests/Info.plist";
				LD_RUNPATH_SEARCH_PATHS = "$(inherited) @executable_path/Frameworks @loader_path/Frameworks";
				METAL_ENABLE_DEBUG_INFO = NO;
				PRODUCT_NAME = "$(TARGET_NAME)";
				TEST_HOST = "$(BUNDLE_LOADER)";
			};
			name = Release;
		};
/* End XCBuildConfiguration section */

/* Begin XCConfigurationList section */
		B9311F9E19484DE0000936B8 /* Build configuration list for PBXProject "JingFM-RoundEffect-Swift" */ = {
			isa = XCConfigurationList;
			buildConfigurations = (
				B9311FBD19484DE0000936B8 /* Debug */,
				B9311FBE19484DE0000936B8 /* Release */,
			);
			defaultConfigurationIsVisible = 0;
			defaultConfigurationName = Release;
		};
		B9311FBF19484DE0000936B8 /* Build configuration list for PBXNativeTarget "JingFM-RoundEffect-Swift" */ = {
			isa = XCConfigurationList;
			buildConfigurations = (
				B9311FC019484DE0000936B8 /* Debug */,
				B9311FC119484DE0000936B8 /* Release */,
			);
			defaultConfigurationIsVisible = 0;
		};
		B9311FC219484DE0000936B8 /* Build configuration list for PBXNativeTarget "JingFM-RoundEffect-SwiftTests" */ = {
			isa = XCConfigurationList;
			buildConfigurations = (
				B9311FC319484DE0000936B8 /* Debug */,
				B9311FC419484DE0000936B8 /* Release */,
			);
			defaultConfigurationIsVisible = 0;
		};
/* End XCConfigurationList section */
	};
	rootObject = B9311F9B19484DE0000936B8 /* Project object */;
}
